
Microsoft Visual Studio Solution File, Format Version 12.00
# Visual Studio Version 16
VisualStudioVersion = 16.0.29418.71
MinimumVisualStudioVersion = 10.0.40219.1
Project("{9A19103F-16F7-4668-BE54-9A1E7A4F7556}") = "BlazorApp1", "BlazorApp1\BlazorApp1.csproj", "{6204E71E-E396-4F20-9BF8-936E076A8545}"
EndProject
Global
	GlobalSection(SolutionConfigurationPlatforms) = preSolution
		Debug|Any CPU = Debug|Any CPU
		Release|Any CPU = Release|Any CPU
	EndGlobalSection
	GlobalSection(ProjectConfigurationPlatforms) = postSolution
		{6204E71E-E396-4F20-9BF8-936E076A8545}.Debug|Any CPU.ActiveCfg = Debug|Any CPU
		{6204E71E-E396-4F20-9BF8-936E076A8545}.Debug|Any CPU.Build.0 = Debug|Any CPU
		{6204E71E-E396-4F20-9BF8-936E076A8545}.Release|Any CPU.ActiveCfg = Release|Any CPU
		{6204E71E-E396-4F20-9BF8-936E076A8545}.Release|Any CPU.Build.0 = Release|Any CPU
	EndGlobalSection
	GlobalSection(SolutionProperties) = preSolution
		HideSolutionNode = FALSE
	EndGlobalSection
	GlobalSection(ExtensibilityGlobals) = postSolution
		SolutionGuid = {DF15D9DE-D570-48D0-8B4F-D9032870CE7D}
	EndGlobalSection
EndGlobal
